
Microsoft Visual Studio Solution File, Format Version 12.00
# Visual Studio Version 17
VisualStudioVersion = 17.6.33829.357
MinimumVisualStudioVersion = 10.0.40219.1
Project("{8BC9CEB8-8B4A-11D0-8D11-00A0C91BC942}") = "file server", "file server\file server.vcxproj", "{0FF8433D-01E0-476F-821A-EE7E1E0FA3A5}"
EndProject
Project("{8BC9CEB8-8B4A-11D0-8D11-00A0C91BC942}") = "file client", "file client\file client.vcxproj", "{529DEA03-3021-4453-9428-CE1F6DF659A2}"
EndProject
Global
	GlobalSection(SolutionConfigurationPlatforms) = preSolution
		Debug|x64 = Debug|x64
		Debug|x86 = Debug|x86
		Release|x64 = Release|x64
		Release|x86 = Release|x86
	EndGlobalSection
	GlobalSection(ProjectConfigurationPlatforms) = postSolution
		{0FF8433D-01E0-476F-821A-EE7E1E0FA3A5}.Debug|x64.ActiveCfg = Debug|x64
		{0FF8433D-01E0-476F-821A-EE7E1E0FA3A5}.Debug|x64.Build.0 = Debug|x64
		{0FF8433D-01E0-476F-821A-EE7E1E0FA3A5}.Debug|x86.ActiveCfg = Debug|Win32
		{0FF8433D-01E0-476F-821A-EE7E1E0FA3A5}.Debug|x86.Build.0 = Debug|Win32
		{0FF8433D-01E0-476F-821A-EE7E1E0FA3A5}.Release|x64.ActiveCfg = Release|x64
		{0FF8433D-01E0-476F-821A-EE7E1E0FA3A5}.Release|x64.Build.0 = Release|x64
		{0FF8433D-01E0-476F-821A-EE7E1E0FA3A5}.Release|x86.ActiveCfg = Release|Win32
		{0FF8433D-01E0-476F-821A-EE7E1E0FA3A5}.Release|x86.Build.0 = Release|Win32
		{529DEA03-3021-4453-9428-CE1F6DF659A2}.Debug|x64.ActiveCfg = Debug|x64
		{529DEA03-3021-4453-9428-CE1F6DF659A2}.Debug|x64.Build.0 = Debug|x64
		{529DEA03-3021-4453-9428-CE1F6DF659A2}.Debug|x86.ActiveCfg = Debug|Win32
		{529DEA03-3021-4453-9428-CE1F6DF659A2}.Debug|x86.Build.0 = Debug|Win32
		{529DEA03-3021-4453-9428-CE1F6DF659A2}.Release|x64.ActiveCfg = Release|x64
		{529DEA03-3021-4453-9428-CE1F6DF659A2}.Release|x64.Build.0 = Release|x64
		{529DEA03-3021-4453-9428-CE1F6DF659A2}.Release|x86.ActiveCfg = Release|Win32
		{529DEA03-3021-4453-9428-CE1F6DF659A2}.Release|x86.Build.0 = Release|Win32
	EndGlobalSection
	GlobalSection(SolutionProperties) = preSolution
		HideSolutionNode = FALSE
	EndGlobalSection
	GlobalSection(ExtensibilityGlobals) = postSolution
		SolutionGuid = {0BB89B6A-54BB-48BB-AD96-C7E18C706E47}
	EndGlobalSection
EndGlobal
